
Microsoft Visual Studio Solution File, Format Version 12.00
# Visual Studio Version 17
VisualStudioVersion = 17.7.34009.444
MinimumVisualStudioVersion = 10.0.40219.1
Project("{9A19103F-16F7-4668-BE54-9A1E7A4F7556}") = "Web", "Web\Web.csproj", "{EA9064B4-62DB-4E80-848D-3F2DFBDC4398}"
EndProject
Project("{9A19103F-16F7-4668-BE54-9A1E7A4F7556}") = "Database", "Database\Database.csproj", "{5A32C70F-0125-4DFA-9304-E2B4A4B69337}"
EndProject
Project("{9A19103F-16F7-4668-BE54-9A1E7A4F7556}") = "Service", "Service\Service.csproj", "{7390CCC3-23A9-4827-8CEB-8A48CDDAA24D}"
EndProject
Project("{FAE04EC0-301F-11D3-BF4B-00C04F79EFBC}") = "Models", "Models\Models.csproj", "{349DA20F-5A37-4B27-8444-99CB9A21E64A}"
EndProject
Global
	GlobalSection(SolutionConfigurationPlatforms) = preSolution
		Debug|Any CPU = Debug|Any CPU
		Release|Any CPU = Release|Any CPU
	EndGlobalSection
	GlobalSection(ProjectConfigurationPlatforms) = postSolution
		{EA9064B4-62DB-4E80-848D-3F2DFBDC4398}.Debug|Any CPU.ActiveCfg = Debug|Any CPU
		{EA9064B4-62DB-4E80-848D-3F2DFBDC4398}.Debug|Any CPU.Build.0 = Debug|Any CPU
		{EA9064B4-62DB-4E80-848D-3F2DFBDC4398}.Release|Any CPU.ActiveCfg = Release|Any CPU
		{EA9064B4-62DB-4E80-848D-3F2DFBDC4398}.Release|Any CPU.Build.0 = Release|Any CPU
		{5A32C70F-0125-4DFA-9304-E2B4A4B69337}.Debug|Any CPU.ActiveCfg = Debug|Any CPU
		{5A32C70F-0125-4DFA-9304-E2B4A4B69337}.Debug|Any CPU.Build.0 = Debug|Any CPU
		{5A32C70F-0125-4DFA-9304-E2B4A4B69337}.Release|Any CPU.ActiveCfg = Release|Any CPU
		{5A32C70F-0125-4DFA-9304-E2B4A4B69337}.Release|Any CPU.Build.0 = Release|Any CPU
		{7390CCC3-23A9-4827-8CEB-8A48CDDAA24D}.Debug|Any CPU.ActiveCfg = Debug|Any CPU
		{7390CCC3-23A9-4827-8CEB-8A48CDDAA24D}.Debug|Any CPU.Build.0 = Debug|Any CPU
		{7390CCC3-23A9-4827-8CEB-8A48CDDAA24D}.Release|Any CPU.ActiveCfg = Release|Any CPU
		{7390CCC3-23A9-4827-8CEB-8A48CDDAA24D}.Release|Any CPU.Build.0 = Release|Any CPU
		{349DA20F-5A37-4B27-8444-99CB9A21E64A}.Debug|Any CPU.ActiveCfg = Debug|Any CPU
		{349DA20F-5A37-4B27-8444-99CB9A21E64A}.Debug|Any CPU.Build.0 = Debug|Any CPU
		{349DA20F-5A37-4B27-8444-99CB9A21E64A}.Release|Any CPU.ActiveCfg = Release|Any CPU
		{349DA20F-5A37-4B27-8444-99CB9A21E64A}.Release|Any CPU.Build.0 = Release|Any CPU
	EndGlobalSection
	GlobalSection(SolutionProperties) = preSolution
		HideSolutionNode = FALSE
	EndGlobalSection
	GlobalSection(ExtensibilityGlobals) = postSolution
		SolutionGuid = {FB7F6531-069F-4305-B7C8-A01660627B90}
	EndGlobalSection
EndGlobal
